
Microsoft Visual Studio Solution File, Format Version 12.00
# Visual Studio 14
VisualStudioVersion = 14.0.25420.1
MinimumVisualStudioVersion = 10.0.40219.1
Project("{FAE04EC0-301F-11D3-BF4B-00C04F79EFBC}") = "SQLTableClassGenerator.Tests", "SQLTableClassGenerator.Tests\SQLTableClassGenerator.Tests.csproj", "{37C17618-E1AD-4949-AA8B-1495C1FFC71B}"
EndProject
Project("{FAE04EC0-301F-11D3-BF4B-00C04F79EFBC}") = "ClassGeneration", "ClassGeneration\ClassGeneration.csproj", "{57CB3B0C-5513-40A8-995D-E53329B1FD87}"
EndProject
Project("{FAE04EC0-301F-11D3-BF4B-00C04F79EFBC}") = "DataAccess", "DataAccess\DataAccess.csproj", "{FE86F4FB-1FC2-4D58-A18D-48A11D7C062D}"
EndProject
Project("{FAE04EC0-301F-11D3-BF4B-00C04F79EFBC}") = "Models", "Models\Models.csproj", "{F9D92C52-E1E2-4D24-970A-AF98D3624891}"
EndProject
Project("{FAE04EC0-301F-11D3-BF4B-00C04F79EFBC}") = "Repositories", "Repositories\Repositories.csproj", "{B61215A1-9FD8-43D4-9063-DD1DCD6051B5}"
EndProject
Project("{2150E333-8FDC-42A3-9474-1A3956D46DE8}") = "Solution Items", "Solution Items", "{0485A880-3F7D-4952-A3C2-3BCEAA5C62FC}"
	ProjectSection(SolutionItems) = preProject
		.travis.yml = .travis.yml
	EndProjectSection
EndProject
Project("{FAE04EC0-301F-11D3-BF4B-00C04F79EFBC}") = "WPFClient", "WPFClient\WPFClient.csproj", "{ABC9F4C8-4F2A-4B9D-8F44-A72772AB25E2}"
EndProject
Global
	GlobalSection(Performance) = preSolution
		HasPerformanceSessions = true
	EndGlobalSection
	GlobalSection(SolutionConfigurationPlatforms) = preSolution
		Debug|Any CPU = Debug|Any CPU
		Release|Any CPU = Release|Any CPU
	EndGlobalSection
	GlobalSection(ProjectConfigurationPlatforms) = postSolution
		{37C17618-E1AD-4949-AA8B-1495C1FFC71B}.Debug|Any CPU.ActiveCfg = Debug|Any CPU
		{37C17618-E1AD-4949-AA8B-1495C1FFC71B}.Debug|Any CPU.Build.0 = Debug|Any CPU
		{37C17618-E1AD-4949-AA8B-1495C1FFC71B}.Release|Any CPU.ActiveCfg = Release|Any CPU
		{37C17618-E1AD-4949-AA8B-1495C1FFC71B}.Release|Any CPU.Build.0 = Release|Any CPU
		{57CB3B0C-5513-40A8-995D-E53329B1FD87}.Debug|Any CPU.ActiveCfg = Debug|Any CPU
		{57CB3B0C-5513-40A8-995D-E53329B1FD87}.Debug|Any CPU.Build.0 = Debug|Any CPU
		{57CB3B0C-5513-40A8-995D-E53329B1FD87}.Release|Any CPU.ActiveCfg = Release|Any CPU
		{57CB3B0C-5513-40A8-995D-E53329B1FD87}.Release|Any CPU.Build.0 = Release|Any CPU
		{FE86F4FB-1FC2-4D58-A18D-48A11D7C062D}.Debug|Any CPU.ActiveCfg = Debug|Any CPU
		{FE86F4FB-1FC2-4D58-A18D-48A11D7C062D}.Debug|Any CPU.Build.0 = Debug|Any CPU
		{FE86F4FB-1FC2-4D58-A18D-48A11D7C062D}.Release|Any CPU.ActiveCfg = Release|Any CPU
		{FE86F4FB-1FC2-4D58-A18D-48A11D7C062D}.Release|Any CPU.Build.0 = Release|Any CPU
		{F9D92C52-E1E2-4D24-970A-AF98D3624891}.Debug|Any CPU.ActiveCfg = Debug|Any CPU
		{F9D92C52-E1E2-4D24-970A-AF98D3624891}.Debug|Any CPU.Build.0 = Debug|Any CPU
		{F9D92C52-E1E2-4D24-970A-AF98D3624891}.Release|Any CPU.ActiveCfg = Release|Any CPU
		{F9D92C52-E1E2-4D24-970A-AF98D3624891}.Release|Any CPU.Build.0 = Release|Any CPU
		{B61215A1-9FD8-43D4-9063-DD1DCD6051B5}.Debug|Any CPU.ActiveCfg = Debug|Any CPU
		{B61215A1-9FD8-43D4-9063-DD1DCD6051B5}.Debug|Any CPU.Build.0 = Debug|Any CPU
		{B61215A1-9FD8-43D4-9063-DD1DCD6051B5}.Release|Any CPU.ActiveCfg = Release|Any CPU
		{B61215A1-9FD8-43D4-9063-DD1DCD6051B5}.Release|Any CPU.Build.0 = Release|Any CPU
		{ABC9F4C8-4F2A-4B9D-8F44-A72772AB25E2}.Debug|Any CPU.ActiveCfg = Debug|Any CPU
		{ABC9F4C8-4F2A-4B9D-8F44-A72772AB25E2}.Debug|Any CPU.Build.0 = Debug|Any CPU
		{ABC9F4C8-4F2A-4B9D-8F44-A72772AB25E2}.Release|Any CPU.ActiveCfg = Release|Any CPU
		{ABC9F4C8-4F2A-4B9D-8F44-A72772AB25E2}.Release|Any CPU.Build.0 = Release|Any CPU
	EndGlobalSection
	GlobalSection(SolutionProperties) = preSolution
		HideSolutionNode = FALSE
	EndGlobalSection
EndGlobal
